
Microsoft Visual Studio Solution File, Format Version 12.00
# Visual Studio 2015
Project("{FAE04EC0-301F-11D3-BF4B-00C04F79EFBC}") = "PowerBrahl.CSharp", "PowerBrahl.CSharp.csproj", "{A2832444-168D-180D-8B79-A8644B9236CF}"
EndProject
Global
	GlobalSection(SolutionConfigurationPlatforms) = preSolution
		Debug|Any CPU = Debug|Any CPU
		Release|Any CPU = Release|Any CPU
	EndGlobalSection
	GlobalSection(ProjectConfigurationPlatforms) = postSolution
		{A2832444-168D-180D-8B79-A8644B9236CF}.Debug|Any CPU.ActiveCfg = Debug|Any CPU
		{A2832444-168D-180D-8B79-A8644B9236CF}.Debug|Any CPU.Build.0 = Debug|Any CPU
		{A2832444-168D-180D-8B79-A8644B9236CF}.Release|Any CPU.ActiveCfg = Release|Any CPU
		{A2832444-168D-180D-8B79-A8644B9236CF}.Release|Any CPU.Build.0 = Release|Any CPU
	EndGlobalSection
	GlobalSection(SolutionProperties) = preSolution
		HideSolutionNode = FALSE
	EndGlobalSection
EndGlobal
